github.com/bugout-dev/humbug/go v0.0.0-20211206230955-57607cd2d205 h1:UQ7XGjvoOVKGRIuTFXgqGtU/UgMOk8+ikpoHWrWefjQ=
github.com/bugout-dev/humbug/go v0.0.0-20211206230955-57607cd2d205/go.mod h1:U/NXHfc3tzGeQz+xVfpifXdPZi7p6VV8xdP/4ZKeWJU=
github.com/google/uuid v1.3.0 h1:t6JiXgmwXMjEs8VusXIJk2BXHsn+wx8BZdTaoZ5fu7I=
github.com/google/uuid v1.3.0/go.mod h1:TIyPZe4MgqvfeYDBFedMoGGpEw/LqOeaOT+nhxU+yHo=
github.com/lib/pq v1.10.4 h1:SO9z7FRPzA03QhHKJrH5BXA6HU1rS4V2nIVrrNC1iYk=
github.com/lib/pq v1.10.4/go.mod h1:AlVN5x4E4T544tWzH6hKfbfQvm3HdbOxrmggDNAPY9o=
